
Microsoft Visual Studio Solution File, Format Version 12.00
# Visual Studio Version 17
VisualStudioVersion = 17.0.32929.387
MinimumVisualStudioVersion = 10.0.40219.1
Project("{8BC9CEB8-8B4A-11D0-8D11-00A0C91BC942}") = "aimbot", "aimbot\aimbot.vcxproj", "{F0207B90-AEB1-47A3-903C-8B13D998C5F5}"
EndProject
Global
	GlobalSection(SolutionConfigurationPlatforms) = preSolution
		Debug|x64 = Debug|x64
		Debug|x86 = Debug|x86
		Release|x64 = Release|x64
		Release|x86 = Release|x86
	EndGlobalSection
	GlobalSection(ProjectConfigurationPlatforms) = postSolution
		{F0207B90-AEB1-47A3-903C-8B13D998C5F5}.Debug|x64.ActiveCfg = Debug|x64
		{F0207B90-AEB1-47A3-903C-8B13D998C5F5}.Debug|x64.Build.0 = Debug|x64
		{F0207B90-AEB1-47A3-903C-8B13D998C5F5}.Debug|x86.ActiveCfg = Debug|Win32
		{F0207B90-AEB1-47A3-903C-8B13D998C5F5}.Debug|x86.Build.0 = Debug|Win32
		{F0207B90-AEB1-47A3-903C-8B13D998C5F5}.Release|x64.ActiveCfg = Release|x64
		{F0207B90-AEB1-47A3-903C-8B13D998C5F5}.Release|x64.Build.0 = Release|x64
		{F0207B90-AEB1-47A3-903C-8B13D998C5F5}.Release|x86.ActiveCfg = Release|Win32
		{F0207B90-AEB1-47A3-903C-8B13D998C5F5}.Release|x86.Build.0 = Release|Win32
	EndGlobalSection
	GlobalSection(SolutionProperties) = preSolution
		HideSolutionNode = FALSE
	EndGlobalSection
	GlobalSection(ExtensibilityGlobals) = postSolution
		SolutionGuid = {C7C24638-8244-42C3-BBA1-DC6C0BE2A823}
	EndGlobalSection
EndGlobal
